
Microsoft Visual Studio Solution File, Format Version 11.00
# Visual Studio 2010
Project("{FAE04EC0-301F-11D3-BF4B-00C04F79EFBC}") = "SubtitleChecker", "SubTitleChecker\SubtitleChecker.csproj", "{56FED430-DDD7-4C5C-A3CD-351FA85DDC59}"
EndProject
Global
	GlobalSection(SolutionConfigurationPlatforms) = preSolution
		Debug|x86 = Debug|x86
		Release|x86 = Release|x86
	EndGlobalSection
	GlobalSection(ProjectConfigurationPlatforms) = postSolution
		{56FED430-DDD7-4C5C-A3CD-351FA85DDC59}.Debug|x86.ActiveCfg = Debug|x86
		{56FED430-DDD7-4C5C-A3CD-351FA85DDC59}.Debug|x86.Build.0 = Debug|x86
		{56FED430-DDD7-4C5C-A3CD-351FA85DDC59}.Release|x86.ActiveCfg = Release|x86
		{56FED430-DDD7-4C5C-A3CD-351FA85DDC59}.Release|x86.Build.0 = Release|x86
	EndGlobalSection
	GlobalSection(SolutionProperties) = preSolution
		HideSolutionNode = FALSE
	EndGlobalSection
EndGlobal
